
Microsoft Visual Studio Solution File, Format Version 12.00
# Visual Studio Version 16
VisualStudioVersion = 16.0.30320.27
MinimumVisualStudioVersion = 10.0.40219.1
Project("{9A19103F-16F7-4668-BE54-9A1E7A4F7556}") = "MyNetCore", "MyNetCore\MyNetCore.csproj", "{F4BEEF3E-C00F-4780-A306-F57669236C47}"
EndProject
Project("{9A19103F-16F7-4668-BE54-9A1E7A4F7556}") = "MyNetCoreStart", "MyNetCoreStart\MyNetCoreStart.csproj", "{E448E143-57D5-4EA1-AE71-BC75EB59DF1E}"
EndProject
Project("{9A19103F-16F7-4668-BE54-9A1E7A4F7556}") = "MyNetCoreConfigure", "MyNetCoreConfigure\MyNetCoreConfigure.csproj", "{C4FF5EA6-FC97-4256-B2E1-ADC76A8B57C5}"
EndProject
Project("{9A19103F-16F7-4668-BE54-9A1E7A4F7556}") = "MyNetCoreConfigureExtention", "MyNetCoreConfigureExtention\MyNetCoreConfigureExtention.csproj", "{B0142338-E182-4C0F-8E47-5BE92284118C}"
EndProject
Project("{FAE04EC0-301F-11D3-BF4B-00C04F79EFBC}") = "MyNetCoreWithAutofac", "MyNetCoreWithAutofac\MyNetCoreWithAutofac.csproj", "{4566694C-BB88-49DB-8AD4-0C0AAFD6B401}"
EndProject
Global
	GlobalSection(SolutionConfigurationPlatforms) = preSolution
		Debug|Any CPU = Debug|Any CPU
		Release|Any CPU = Release|Any CPU
	EndGlobalSection
	GlobalSection(ProjectConfigurationPlatforms) = postSolution
		{F4BEEF3E-C00F-4780-A306-F57669236C47}.Debug|Any CPU.ActiveCfg = Debug|Any CPU
		{F4BEEF3E-C00F-4780-A306-F57669236C47}.Debug|Any CPU.Build.0 = Debug|Any CPU
		{F4BEEF3E-C00F-4780-A306-F57669236C47}.Release|Any CPU.ActiveCfg = Release|Any CPU
		{F4BEEF3E-C00F-4780-A306-F57669236C47}.Release|Any CPU.Build.0 = Release|Any CPU
		{E448E143-57D5-4EA1-AE71-BC75EB59DF1E}.Debug|Any CPU.ActiveCfg = Debug|Any CPU
		{E448E143-57D5-4EA1-AE71-BC75EB59DF1E}.Debug|Any CPU.Build.0 = Debug|Any CPU
		{E448E143-57D5-4EA1-AE71-BC75EB59DF1E}.Release|Any CPU.ActiveCfg = Release|Any CPU
		{E448E143-57D5-4EA1-AE71-BC75EB59DF1E}.Release|Any CPU.Build.0 = Release|Any CPU
		{C4FF5EA6-FC97-4256-B2E1-ADC76A8B57C5}.Debug|Any CPU.ActiveCfg = Debug|Any CPU
		{C4FF5EA6-FC97-4256-B2E1-ADC76A8B57C5}.Debug|Any CPU.Build.0 = Debug|Any CPU
		{C4FF5EA6-FC97-4256-B2E1-ADC76A8B57C5}.Release|Any CPU.ActiveCfg = Release|Any CPU
		{C4FF5EA6-FC97-4256-B2E1-ADC76A8B57C5}.Release|Any CPU.Build.0 = Release|Any CPU
		{B0142338-E182-4C0F-8E47-5BE92284118C}.Debug|Any CPU.ActiveCfg = Debug|Any CPU
		{B0142338-E182-4C0F-8E47-5BE92284118C}.Debug|Any CPU.Build.0 = Debug|Any CPU
		{B0142338-E182-4C0F-8E47-5BE92284118C}.Release|Any CPU.ActiveCfg = Release|Any CPU
		{B0142338-E182-4C0F-8E47-5BE92284118C}.Release|Any CPU.Build.0 = Release|Any CPU
		{4566694C-BB88-49DB-8AD4-0C0AAFD6B401}.Debug|Any CPU.ActiveCfg = Debug|Any CPU
		{4566694C-BB88-49DB-8AD4-0C0AAFD6B401}.Debug|Any CPU.Build.0 = Debug|Any CPU
		{4566694C-BB88-49DB-8AD4-0C0AAFD6B401}.Release|Any CPU.ActiveCfg = Release|Any CPU
		{4566694C-BB88-49DB-8AD4-0C0AAFD6B401}.Release|Any CPU.Build.0 = Release|Any CPU
	EndGlobalSection
	GlobalSection(SolutionProperties) = preSolution
		HideSolutionNode = FALSE
	EndGlobalSection
	GlobalSection(ExtensibilityGlobals) = postSolution
		SolutionGuid = {C5A7602C-D7FF-492C-A53D-4F7FE17988AC}
	EndGlobalSection
EndGlobal
