
Microsoft Visual Studio Solution File, Format Version 12.00
# Visual Studio Version 16
VisualStudioVersion = 16.0.30320.27
MinimumVisualStudioVersion = 10.0.40219.1
Project("{FAE04EC0-301F-11D3-BF4B-00C04F79EFBC}") = "MyNetCore", "MyNetCore\MyNetCore.csproj", "{F4BEEF3E-C00F-4780-A306-F57669236C47}"
EndProject
Global
	GlobalSection(SolutionConfigurationPlatforms) = preSolution
		Debug|Any CPU = Debug|Any CPU
		Release|Any CPU = Release|Any CPU
	EndGlobalSection
	GlobalSection(ProjectConfigurationPlatforms) = postSolution
		{F4BEEF3E-C00F-4780-A306-F57669236C47}.Debug|Any CPU.ActiveCfg = Debug|Any CPU
		{F4BEEF3E-C00F-4780-A306-F57669236C47}.Debug|Any CPU.Build.0 = Debug|Any CPU
		{F4BEEF3E-C00F-4780-A306-F57669236C47}.Release|Any CPU.ActiveCfg = Release|Any CPU
		{F4BEEF3E-C00F-4780-A306-F57669236C47}.Release|Any CPU.Build.0 = Release|Any CPU
	EndGlobalSection
	GlobalSection(SolutionProperties) = preSolution
		HideSolutionNode = FALSE
	EndGlobalSection
	GlobalSection(ExtensibilityGlobals) = postSolution
		SolutionGuid = {C5A7602C-D7FF-492C-A53D-4F7FE17988AC}
	EndGlobalSection
EndGlobal
